
Microsoft Visual Studio Solution File, Format Version 12.00
# Visual Studio Version 16
VisualStudioVersion = 16.0.32126.315
MinimumVisualStudioVersion = 10.0.40219.1
Project("{FAE04EC0-301F-11D3-BF4B-00C04F79EFBC}") = "Pamoka_2", "Pamoka_2.csproj", "{B19B64DA-15E6-49B5-BA8E-1986F8C8780A}"
EndProject
Global
	GlobalSection(SolutionConfigurationPlatforms) = preSolution
		Debug|Any CPU = Debug|Any CPU
		Release|Any CPU = Release|Any CPU
	EndGlobalSection
	GlobalSection(ProjectConfigurationPlatforms) = postSolution
		{B19B64DA-15E6-49B5-BA8E-1986F8C8780A}.Debug|Any CPU.ActiveCfg = Debug|Any CPU
		{B19B64DA-15E6-49B5-BA8E-1986F8C8780A}.Debug|Any CPU.Build.0 = Debug|Any CPU
		{B19B64DA-15E6-49B5-BA8E-1986F8C8780A}.Release|Any CPU.ActiveCfg = Release|Any CPU
		{B19B64DA-15E6-49B5-BA8E-1986F8C8780A}.Release|Any CPU.Build.0 = Release|Any CPU
	EndGlobalSection
	GlobalSection(SolutionProperties) = preSolution
		HideSolutionNode = FALSE
	EndGlobalSection
	GlobalSection(ExtensibilityGlobals) = postSolution
		SolutionGuid = {79D124ED-038A-4777-BCD9-DFD9116703DD}
	EndGlobalSection
EndGlobal
